
Microsoft Visual Studio Solution File, Format Version 12.00
# Visual Studio 14
VisualStudioVersion = 14.0.25420.1
MinimumVisualStudioVersion = 10.0.40219.1
Project("{FAE04EC0-301F-11D3-BF4B-00C04F79EFBC}") = "john.mcgowan.cf.webcrawler.program", "john.mcgowan.cf.webcrawler.program\john.mcgowan.cf.webcrawler.program.csproj", "{ACA2EBD1-3A88-4ED7-B989-7DACF6B89875}"
EndProject
Project("{FAE04EC0-301F-11D3-BF4B-00C04F79EFBC}") = "john.mcgowan.cf.webcrawler.unittests", "john.mcgowan.cf.webcrawler.unittests\john.mcgowan.cf.webcrawler.unittests.csproj", "{8804AD8B-F4CF-43E5-85F4-B4A8729F568E}"
EndProject
Project("{FAE04EC0-301F-11D3-BF4B-00C04F79EFBC}") = "john.mcgowan.cf.webcrawler.bo", "john.mcgowan.cf.webcrawler.bo\john.mcgowan.cf.webcrawler.bo.csproj", "{19953974-5871-42C7-A0E4-37E474BB0793}"
EndProject
Global
	GlobalSection(SolutionConfigurationPlatforms) = preSolution
		Debug|Any CPU = Debug|Any CPU
		Release|Any CPU = Release|Any CPU
	EndGlobalSection
	GlobalSection(ProjectConfigurationPlatforms) = postSolution
		{ACA2EBD1-3A88-4ED7-B989-7DACF6B89875}.Debug|Any CPU.ActiveCfg = Debug|Any CPU
		{ACA2EBD1-3A88-4ED7-B989-7DACF6B89875}.Debug|Any CPU.Build.0 = Debug|Any CPU
		{ACA2EBD1-3A88-4ED7-B989-7DACF6B89875}.Release|Any CPU.ActiveCfg = Release|Any CPU
		{ACA2EBD1-3A88-4ED7-B989-7DACF6B89875}.Release|Any CPU.Build.0 = Release|Any CPU
		{8804AD8B-F4CF-43E5-85F4-B4A8729F568E}.Debug|Any CPU.ActiveCfg = Debug|Any CPU
		{8804AD8B-F4CF-43E5-85F4-B4A8729F568E}.Debug|Any CPU.Build.0 = Debug|Any CPU
		{8804AD8B-F4CF-43E5-85F4-B4A8729F568E}.Release|Any CPU.ActiveCfg = Release|Any CPU
		{8804AD8B-F4CF-43E5-85F4-B4A8729F568E}.Release|Any CPU.Build.0 = Release|Any CPU
		{19953974-5871-42C7-A0E4-37E474BB0793}.Debug|Any CPU.ActiveCfg = Debug|Any CPU
		{19953974-5871-42C7-A0E4-37E474BB0793}.Debug|Any CPU.Build.0 = Debug|Any CPU
		{19953974-5871-42C7-A0E4-37E474BB0793}.Release|Any CPU.ActiveCfg = Release|Any CPU
		{19953974-5871-42C7-A0E4-37E474BB0793}.Release|Any CPU.Build.0 = Release|Any CPU
	EndGlobalSection
	GlobalSection(SolutionProperties) = preSolution
		HideSolutionNode = FALSE
	EndGlobalSection
EndGlobal
